
Microsoft Visual Studio Solution File, Format Version 12.00
# Visual Studio Version 16
VisualStudioVersion = 16.0.30907.101
MinimumVisualStudioVersion = 10.0.40219.1
Project("{9A19103F-16F7-4668-BE54-9A1E7A4F7556}") = "2021IMMS", "2021IMMS\2021IMMS.csproj", "{E4ED7B00-5868-4529-AB7C-8752F079A92C}"
EndProject
Global
	GlobalSection(SolutionConfigurationPlatforms) = preSolution
		Debug|Any CPU = Debug|Any CPU
		Release|Any CPU = Release|Any CPU
	EndGlobalSection
	GlobalSection(ProjectConfigurationPlatforms) = postSolution
		{E4ED7B00-5868-4529-AB7C-8752F079A92C}.Debug|Any CPU.ActiveCfg = Debug|Any CPU
		{E4ED7B00-5868-4529-AB7C-8752F079A92C}.Debug|Any CPU.Build.0 = Debug|Any CPU
		{E4ED7B00-5868-4529-AB7C-8752F079A92C}.Release|Any CPU.ActiveCfg = Release|Any CPU
		{E4ED7B00-5868-4529-AB7C-8752F079A92C}.Release|Any CPU.Build.0 = Release|Any CPU
	EndGlobalSection
	GlobalSection(SolutionProperties) = preSolution
		HideSolutionNode = FALSE
	EndGlobalSection
	GlobalSection(ExtensibilityGlobals) = postSolution
		SolutionGuid = {D0BE69DF-250C-418F-A77D-0BE0F3AA2B81}
	EndGlobalSection
	GlobalSection(TeamFoundationVersionControl) = preSolution
		SccNumberOfProjects = 2
		SccEnterpriseProvider = {4CA58AB2-18FA-4F8D-95D4-32DDF27D184C}
		SccTeamFoundationServer = https://tfs.franklincollege.edu/defaultcollection
		SccLocalPath0 = .
		SccProjectUniqueName1 = 2021IMMS\\2021IMMS.csproj
		SccProjectName1 = 2021IMMS
		SccLocalPath1 = 2021IMMS
	EndGlobalSection
EndGlobal
